// !$*UTF8*$!
{
	archiveVersion = 1;
	classes = {
	};
	objectVersion = 56;
	objects = {

/* Begin PBXBuildFile section */
		CC8078872ACC6FD9007A3199 /* NewsAPIApp.swift in Sources */ = {isa = PBXBuildFile; fileRef = CC8078862ACC6FD9007A3199 /* NewsAPIApp.swift */; };
		CC8078892ACC6FD9007A3199 /* NewsView.swift in Sources */ = {isa = PBXBuildFile; fileRef = CC8078882ACC6FD9007A3199 /* NewsView.swift */; };
		CC80788B2ACC6FDA007A3199 /* Assets.xcassets in Resources */ = {isa = PBXBuildFile; fileRef = CC80788A2ACC6FDA007A3199 /* Assets.xcassets */; };
		CC8AE8F32AE1B09000322F7C /* FilterView.swift in Sources */ = {isa = PBXBuildFile; fileRef = CC8AE8F22AE1B09000322F7C /* FilterView.swift */; };
		CC8AE8F52AE1B0BD00322F7C /* FilterEnums.swift in Sources */ = {isa = PBXBuildFile; fileRef = CC8AE8F42AE1B0BD00322F7C /* FilterEnums.swift */; };
		CC94A1F42ACDBE420067C40D /* CountryFormatter.swift in Sources */ = {isa = PBXBuildFile; fileRef = CC94A1F32ACDBE420067C40D /* CountryFormatter.swift */; };
		CC94A1F72ACDD73D0067C40D /* KeychainSwift in Frameworks */ = {isa = PBXBuildFile; productRef = CC94A1F62ACDD73D0067C40D /* KeychainSwift */; };
		CCB198002ACEE3EE00714C4B /* LoadMoreDataIfNeeded.swift in Sources */ = {isa = PBXBuildFile; fileRef = CCB197FF2ACEE3EE00714C4B /* LoadMoreDataIfNeeded.swift */; };
		CCCD925E2ACC71BC00E5D042 /* Preview Content in Resources */ = {isa = PBXBuildFile; fileRef = CCCD925D2ACC71BC00E5D042 /* Preview Content */; };
		CCCD92602ACC721400E5D042 /* GoogleService-Info.plist in Resources */ = {isa = PBXBuildFile; fileRef = CCCD925F2ACC721300E5D042 /* GoogleService-Info.plist */; };
		CCCD926E2ACC72F300E5D042 /* NewsViewModel.swift in Sources */ = {isa = PBXBuildFile; fileRef = CCCD926D2ACC72F300E5D042 /* NewsViewModel.swift */; };
		CCCD92882ACC792D00E5D042 /* APIKeyFetchService.swift in Sources */ = {isa = PBXBuildFile; fileRef = CCCD92872ACC792D00E5D042 /* APIKeyFetchService.swift */; };
		CCCD928B2ACC7C0F00E5D042 /* FirebaseAnalytics in Frameworks */ = {isa = PBXBuildFile; productRef = CCCD928A2ACC7C0F00E5D042 /* FirebaseAnalytics */; };
		CCCD928D2ACC7C0F00E5D042 /* FirebaseAnalyticsOnDeviceConversion in Frameworks */ = {isa = PBXBuildFile; productRef = CCCD928C2ACC7C0F00E5D042 /* FirebaseAnalyticsOnDeviceConversion */; };
		CCCD928F2ACC7C0F00E5D042 /* FirebaseAnalyticsSwift in Frameworks */ = {isa = PBXBuildFile; productRef = CCCD928E2ACC7C0F00E5D042 /* FirebaseAnalyticsSwift */; };
		CCCD92912ACC7C0F00E5D042 /* FirebaseAnalyticsWithoutAdIdSupport in Frameworks */ = {isa = PBXBuildFile; productRef = CCCD92902ACC7C0F00E5D042 /* FirebaseAnalyticsWithoutAdIdSupport */; };
		CCCD92932ACC7C0F00E5D042 /* FirebaseAppCheck in Frameworks */ = {isa = PBXBuildFile; productRef = CCCD92922ACC7C0F00E5D042 /* FirebaseAppCheck */; };
		CCCD92952ACC7C0F00E5D042 /* FirebaseAppDistribution-Beta in Frameworks */ = {isa = PBXBuildFile; productRef = CCCD92942ACC7C0F00E5D042 /* FirebaseAppDistribution-Beta */; };
		CCCD92972ACC7C0F00E5D042 /* FirebaseAuth in Frameworks */ = {isa = PBXBuildFile; productRef = CCCD92962ACC7C0F00E5D042 /* FirebaseAuth */; };
		CCCD92992ACC7C0F00E5D042 /* FirebaseAuthCombine-Community in Frameworks */ = {isa = PBXBuildFile; productRef = CCCD92982ACC7C0F00E5D042 /* FirebaseAuthCombine-Community */; };
		CCCD929B2ACC7C0F00E5D042 /* FirebaseCrashlytics in Frameworks */ = {isa = PBXBuildFile; productRef = CCCD929A2ACC7C0F00E5D042 /* FirebaseCrashlytics */; };
		CCCD929D2ACC7C0F00E5D042 /* FirebaseDatabase in Frameworks */ = {isa = PBXBuildFile; productRef = CCCD929C2ACC7C0F00E5D042 /* FirebaseDatabase */; };
		CCCD929F2ACC7C0F00E5D042 /* FirebaseDatabaseSwift in Frameworks */ = {isa = PBXBuildFile; productRef = CCCD929E2ACC7C0F00E5D042 /* FirebaseDatabaseSwift */; };
		CCCD92A12ACC7C0F00E5D042 /* FirebaseDynamicLinks in Frameworks */ = {isa = PBXBuildFile; productRef = CCCD92A02ACC7C0F00E5D042 /* FirebaseDynamicLinks */; };
		CCCD92A32ACC7C0F00E5D042 /* FirebaseFirestore in Frameworks */ = {isa = PBXBuildFile; productRef = CCCD92A22ACC7C0F00E5D042 /* FirebaseFirestore */; };
		CCCD92A52ACC7C0F00E5D042 /* FirebaseFirestoreCombine-Community in Frameworks */ = {isa = PBXBuildFile; productRef = CCCD92A42ACC7C0F00E5D042 /* FirebaseFirestoreCombine-Community */; };
		CCCD92A72ACC7C0F00E5D042 /* FirebaseFirestoreSwift in Frameworks */ = {isa = PBXBuildFile; productRef = CCCD92A62ACC7C0F00E5D042 /* FirebaseFirestoreSwift */; };
		CCCD92A92ACC7C0F00E5D042 /* FirebaseFunctions in Frameworks */ = {isa = PBXBuildFile; productRef = CCCD92A82ACC7C0F00E5D042 /* FirebaseFunctions */; };
		CCCD92AB2ACC7C0F00E5D042 /* FirebaseFunctionsCombine-Community in Frameworks */ = {isa = PBXBuildFile; productRef = CCCD92AA2ACC7C0F00E5D042 /* FirebaseFunctionsCombine-Community */; };
		CCCD92AD2ACC7C0F00E5D042 /* FirebaseInAppMessaging-Beta in Frameworks */ = {isa = PBXBuildFile; productRef = CCCD92AC2ACC7C0F00E5D042 /* FirebaseInAppMessaging-Beta */; };
		CCCD92AF2ACC7C0F00E5D042 /* FirebaseInAppMessagingSwift-Beta in Frameworks */ = {isa = PBXBuildFile; productRef = CCCD92AE2ACC7C0F00E5D042 /* FirebaseInAppMessagingSwift-Beta */; };
		CCCD92B12ACC7C0F00E5D042 /* FirebaseInstallations in Frameworks */ = {isa = PBXBuildFile; productRef = CCCD92B02ACC7C0F00E5D042 /* FirebaseInstallations */; };
		CCCD92B32ACC7C0F00E5D042 /* FirebaseMLModelDownloader in Frameworks */ = {isa = PBXBuildFile; productRef = CCCD92B22ACC7C0F00E5D042 /* FirebaseMLModelDownloader */; };
		CCCD92B52ACC7C0F00E5D042 /* FirebaseMessaging in Frameworks */ = {isa = PBXBuildFile; productRef = CCCD92B42ACC7C0F00E5D042 /* FirebaseMessaging */; };
		CCCD92B72ACC7C0F00E5D042 /* FirebasePerformance in Frameworks */ = {isa = PBXBuildFile; productRef = CCCD92B62ACC7C0F00E5D042 /* FirebasePerformance */; };
		CCCD92B92ACC7C0F00E5D042 /* FirebaseRemoteConfig in Frameworks */ = {isa = PBXBuildFile; productRef = CCCD92B82ACC7C0F00E5D042 /* FirebaseRemoteConfig */; };
		CCCD92BB2ACC7C0F00E5D042 /* FirebaseRemoteConfigSwift in Frameworks */ = {isa = PBXBuildFile; productRef = CCCD92BA2ACC7C0F00E5D042 /* FirebaseRemoteConfigSwift */; };
		CCCD92BD2ACC7C0F00E5D042 /* FirebaseStorage in Frameworks */ = {isa = PBXBuildFile; productRef = CCCD92BC2ACC7C0F00E5D042 /* FirebaseStorage */; };
		CCCD92BF2ACC7C0F00E5D042 /* FirebaseStorageCombine-Community in Frameworks */ = {isa = PBXBuildFile; productRef = CCCD92BE2ACC7C0F00E5D042 /* FirebaseStorageCombine-Community */; };
		CCCD92C32ACC7CB400E5D042 /* NewsService.swift in Sources */ = {isa = PBXBuildFile; fileRef = CCCD92C22ACC7CB400E5D042 /* NewsService.swift */; };
		CCCD92C62ACC7EC000E5D042 /* NewsModel.swift in Sources */ = {isa = PBXBuildFile; fileRef = CCCD92C52ACC7EC000E5D042 /* NewsModel.swift */; };
		CCCD92C92ACC97E000E5D042 /* NewsCell.swift in Sources */ = {isa = PBXBuildFile; fileRef = CCCD92C82ACC97E000E5D042 /* NewsCell.swift */; };
		CCCD92CC2ACCB0E000E5D042 /* NewsDetailView.swift in Sources */ = {isa = PBXBuildFile; fileRef = CCCD92CB2ACCB0E000E5D042 /* NewsDetailView.swift */; };
		CCCD92CF2ACCB16900E5D042 /* DateFormatter.swift in Sources */ = {isa = PBXBuildFile; fileRef = CCCD92CE2ACCB16900E5D042 /* DateFormatter.swift */; };
		CCCD92D22ACCBD9C00E5D042 /* FiltersSheetView.swift in Sources */ = {isa = PBXBuildFile; fileRef = CCCD92D12ACCBD9C00E5D042 /* FiltersSheetView.swift */; };
		CCD1BB6F2AE15F0900BF0B79 /* SearchModel.swift in Sources */ = {isa = PBXBuildFile; fileRef = CCD1BB6E2AE15F0900BF0B79 /* SearchModel.swift */; };
		CCD1BB712AE1635A00BF0B79 /* KeyChainService.swift in Sources */ = {isa = PBXBuildFile; fileRef = CCD1BB702AE1635A00BF0B79 /* KeyChainService.swift */; };
/* End PBXBuildFile section */

/* Begin PBXFileReference section */
		CC8078832ACC6FD9007A3199 /* NewsAPI.app */ = {isa = PBXFileReference; explicitFileType = wrapper.application; includeInIndex = 0; path = NewsAPI.app; sourceTree = BUILT_PRODUCTS_DIR; };
		CC8078862ACC6FD9007A3199 /* NewsAPIApp.swift */ = {isa = PBXFileReference; lastKnownFileType = sourcecode.swift; path = NewsAPIApp.swift; sourceTree = "<group>"; };
		CC8078882ACC6FD9007A3199 /* NewsView.swift */ = {isa = PBXFileReference; lastKnownFileType = sourcecode.swift; path = NewsView.swift; sourceTree = "<group>"; };
		CC80788A2ACC6FDA007A3199 /* Assets.xcassets */ = {isa = PBXFileReference; lastKnownFileType = folder.assetcatalog; path = Assets.xcassets; sourceTree = "<group>"; };
		CC80788C2ACC6FDA007A3199 /* NewsAPI.entitlements */ = {isa = PBXFileReference; lastKnownFileType = text.plist.entitlements; path = NewsAPI.entitlements; sourceTree = "<group>"; };
		CC8AE8F22AE1B09000322F7C /* FilterView.swift */ = {isa = PBXFileReference; lastKnownFileType = sourcecode.swift; path = FilterView.swift; sourceTree = "<group>"; };
		CC8AE8F42AE1B0BD00322F7C /* FilterEnums.swift */ = {isa = PBXFileReference; lastKnownFileType = sourcecode.swift; path = FilterEnums.swift; sourceTree = "<group>"; };
		CC94A1F32ACDBE420067C40D /* CountryFormatter.swift */ = {isa = PBXFileReference; lastKnownFileType = sourcecode.swift; path = CountryFormatter.swift; sourceTree = "<group>"; };
		CCB197FF2ACEE3EE00714C4B /* LoadMoreDataIfNeeded.swift */ = {isa = PBXFileReference; lastKnownFileType = sourcecode.swift; path = LoadMoreDataIfNeeded.swift; sourceTree = "<group>"; };
		CCCD925D2ACC71BC00E5D042 /* Preview Content */ = {isa = PBXFileReference; lastKnownFileType = folder; path = "Preview Content"; sourceTree = "<group>"; };
		CCCD925F2ACC721300E5D042 /* GoogleService-Info.plist */ = {isa = PBXFileReference; fileEncoding = 4; lastKnownFileType = text.plist.xml; name = "GoogleService-Info.plist"; path = "../../../../../Downloads/GoogleService-Info.plist"; sourceTree = "<group>"; };
		CCCD926D2ACC72F300E5D042 /* NewsViewModel.swift */ = {isa = PBXFileReference; lastKnownFileType = sourcecode.swift; path = NewsViewModel.swift; sourceTree = "<group>"; };
		CCCD92872ACC792D00E5D042 /* APIKeyFetchService.swift */ = {isa = PBXFileReference; lastKnownFileType = sourcecode.swift; path = APIKeyFetchService.swift; sourceTree = "<group>"; };
		CCCD92C22ACC7CB400E5D042 /* NewsService.swift */ = {isa = PBXFileReference; lastKnownFileType = sourcecode.swift; path = NewsService.swift; sourceTree = "<group>"; };
		CCCD92C52ACC7EC000E5D042 /* NewsModel.swift */ = {isa = PBXFileReference; lastKnownFileType = sourcecode.swift; path = NewsModel.swift; sourceTree = "<group>"; };
		CCCD92C82ACC97E000E5D042 /* NewsCell.swift */ = {isa = PBXFileReference; lastKnownFileType = sourcecode.swift; path = NewsCell.swift; sourceTree = "<group>"; };
		CCCD92CB2ACCB0E000E5D042 /* NewsDetailView.swift */ = {isa = PBXFileReference; lastKnownFileType = sourcecode.swift; path = NewsDetailView.swift; sourceTree = "<group>"; };
		CCCD92CE2ACCB16900E5D042 /* DateFormatter.swift */ = {isa = PBXFileReference; lastKnownFileType = sourcecode.swift; path = DateFormatter.swift; sourceTree = "<group>"; };
		CCCD92D12ACCBD9C00E5D042 /* FiltersSheetView.swift */ = {isa = PBXFileReference; lastKnownFileType = sourcecode.swift; path = FiltersSheetView.swift; sourceTree = "<group>"; };
		CCD1BB6E2AE15F0900BF0B79 /* SearchModel.swift */ = {isa = PBXFileReference; lastKnownFileType = sourcecode.swift; path = SearchModel.swift; sourceTree = "<group>"; };
		CCD1BB702AE1635A00BF0B79 /* KeyChainService.swift */ = {isa = PBXFileReference; lastKnownFileType = sourcecode.swift; path = KeyChainService.swift; sourceTree = "<group>"; };
/* End PBXFileReference section */

/* Begin PBXFrameworksBuildPhase section */
		CC8078802ACC6FD9007A3199 /* Frameworks */ = {
			isa = PBXFrameworksBuildPhase;
			buildActionMask = 2147483647;
			files = (
				CCCD929D2ACC7C0F00E5D042 /* FirebaseDatabase in Frameworks */,
				CCCD92AB2ACC7C0F00E5D042 /* FirebaseFunctionsCombine-Community in Frameworks */,
				CCCD92A32ACC7C0F00E5D042 /* FirebaseFirestore in Frameworks */,
				CCCD928F2ACC7C0F00E5D042 /* FirebaseAnalyticsSwift in Frameworks */,
				CCCD928B2ACC7C0F00E5D042 /* FirebaseAnalytics in Frameworks */,
				CCCD928D2ACC7C0F00E5D042 /* FirebaseAnalyticsOnDeviceConversion in Frameworks */,
				CCCD92B32ACC7C0F00E5D042 /* FirebaseMLModelDownloader in Frameworks */,
				CCCD92A72ACC7C0F00E5D042 /* FirebaseFirestoreSwift in Frameworks */,
				CCCD92932ACC7C0F00E5D042 /* FirebaseAppCheck in Frameworks */,
				CCCD92912ACC7C0F00E5D042 /* FirebaseAnalyticsWithoutAdIdSupport in Frameworks */,
				CC94A1F72ACDD73D0067C40D /* KeychainSwift in Frameworks */,
				CCCD92972ACC7C0F00E5D042 /* FirebaseAuth in Frameworks */,
				CCCD929B2ACC7C0F00E5D042 /* FirebaseCrashlytics in Frameworks */,
				CCCD92BB2ACC7C0F00E5D042 /* FirebaseRemoteConfigSwift in Frameworks */,
				CCCD92AD2ACC7C0F00E5D042 /* FirebaseInAppMessaging-Beta in Frameworks */,
				CCCD929F2ACC7C0F00E5D042 /* FirebaseDatabaseSwift in Frameworks */,
				CCCD92A92ACC7C0F00E5D042 /* FirebaseFunctions in Frameworks */,
				CCCD92BF2ACC7C0F00E5D042 /* FirebaseStorageCombine-Community in Frameworks */,
				CCCD92B92ACC7C0F00E5D042 /* FirebaseRemoteConfig in Frameworks */,
				CCCD92952ACC7C0F00E5D042 /* FirebaseAppDistribution-Beta in Frameworks */,
				CCCD92992ACC7C0F00E5D042 /* FirebaseAuthCombine-Community in Frameworks */,
				CCCD92B72ACC7C0F00E5D042 /* FirebasePerformance in Frameworks */,
				CCCD92AF2ACC7C0F00E5D042 /* FirebaseInAppMessagingSwift-Beta in Frameworks */,
				CCCD92BD2ACC7C0F00E5D042 /* FirebaseStorage in Frameworks */,
				CCCD92A12ACC7C0F00E5D042 /* FirebaseDynamicLinks in Frameworks */,
				CCCD92A52ACC7C0F00E5D042 /* FirebaseFirestoreCombine-Community in Frameworks */,
				CCCD92B52ACC7C0F00E5D042 /* FirebaseMessaging in Frameworks */,
				CCCD92B12ACC7C0F00E5D042 /* FirebaseInstallations in Frameworks */,
			);
			runOnlyForDeploymentPostprocessing = 0;
		};
/* End PBXFrameworksBuildPhase section */

/* Begin PBXGroup section */
		CC80787A2ACC6FD9007A3199 = {
			isa = PBXGroup;
			children = (
				CC8078852ACC6FD9007A3199 /* NewsAPI */,
				CC8078842ACC6FD9007A3199 /* Products */,
			);
			sourceTree = "<group>";
		};
		CC8078842ACC6FD9007A3199 /* Products */ = {
			isa = PBXGroup;
			children = (
				CC8078832ACC6FD9007A3199 /* NewsAPI.app */,
			);
			name = Products;
			sourceTree = "<group>";
		};
		CC8078852ACC6FD9007A3199 /* NewsAPI */ = {
			isa = PBXGroup;
			children = (
				CCCD925B2ACC718300E5D042 /* App */,
				CCCD92CD2ACCB15900E5D042 /* Formatters */,
				CCCD92C42ACC7EA800E5D042 /* Models */,
				CCCD92842ACC76CF00E5D042 /* Services */,
				CCCD925C2ACC718B00E5D042 /* Views */,
				CC8078952ACC7163007A3199 /* Resources */,
			);
			path = NewsAPI;
			sourceTree = "<group>";
		};
		CC8078952ACC7163007A3199 /* Resources */ = {
			isa = PBXGroup;
			children = (
				CCCD925F2ACC721300E5D042 /* GoogleService-Info.plist */,
				CCCD925D2ACC71BC00E5D042 /* Preview Content */,
				CC80788A2ACC6FDA007A3199 /* Assets.xcassets */,
				CC80788C2ACC6FDA007A3199 /* NewsAPI.entitlements */,
			);
			path = Resources;
			sourceTree = "<group>";
		};
		CCCD925B2ACC718300E5D042 /* App */ = {
			isa = PBXGroup;
			children = (
				CC8078862ACC6FD9007A3199 /* NewsAPIApp.swift */,
			);
			path = App;
			sourceTree = "<group>";
		};
		CCCD925C2ACC718B00E5D042 /* Views */ = {
			isa = PBXGroup;
			children = (
				CCCD92D02ACCBD8600E5D042 /* Sheets */,
				CCCD92CA2ACCB0CB00E5D042 /* Details */,
				CCCD92C72ACC97C500E5D042 /* Cells */,
				CCCD926C2ACC72E300E5D042 /* News */,
			);
			path = Views;
			sourceTree = "<group>";
		};
		CCCD926C2ACC72E300E5D042 /* News */ = {
			isa = PBXGroup;
			children = (
				CC8078882ACC6FD9007A3199 /* NewsView.swift */,
				CCCD926D2ACC72F300E5D042 /* NewsViewModel.swift */,
				CCB197FF2ACEE3EE00714C4B /* LoadMoreDataIfNeeded.swift */,
			);
			path = News;
			sourceTree = "<group>";
		};
		CCCD92842ACC76CF00E5D042 /* Services */ = {
			isa = PBXGroup;
			children = (
				CCCD92872ACC792D00E5D042 /* APIKeyFetchService.swift */,
				CCCD92C22ACC7CB400E5D042 /* NewsService.swift */,
				CCD1BB702AE1635A00BF0B79 /* KeyChainService.swift */,
			);
			path = Services;
			sourceTree = "<group>";
		};
		CCCD92C42ACC7EA800E5D042 /* Models */ = {
			isa = PBXGroup;
			children = (
				CCCD92C52ACC7EC000E5D042 /* NewsModel.swift */,
				CCD1BB6E2AE15F0900BF0B79 /* SearchModel.swift */,
			);
			path = Models;
			sourceTree = "<group>";
		};
		CCCD92C72ACC97C500E5D042 /* Cells */ = {
			isa = PBXGroup;
			children = (
				CCCD92C82ACC97E000E5D042 /* NewsCell.swift */,
			);
			path = Cells;
			sourceTree = "<group>";
		};
		CCCD92CA2ACCB0CB00E5D042 /* Details */ = {
			isa = PBXGroup;
			children = (
				CCCD92CB2ACCB0E000E5D042 /* NewsDetailView.swift */,
			);
			path = Details;
			sourceTree = "<group>";
		};
		CCCD92CD2ACCB15900E5D042 /* Formatters */ = {
			isa = PBXGroup;
			children = (
				CCCD92CE2ACCB16900E5D042 /* DateFormatter.swift */,
				CC94A1F32ACDBE420067C40D /* CountryFormatter.swift */,
			);
			path = Formatters;
			sourceTree = "<group>";
		};
		CCCD92D02ACCBD8600E5D042 /* Sheets */ = {
			isa = PBXGroup;
			children = (
				CCCD92D12ACCBD9C00E5D042 /* FiltersSheetView.swift */,
				CC8AE8F22AE1B09000322F7C /* FilterView.swift */,
				CC8AE8F42AE1B0BD00322F7C /* FilterEnums.swift */,
			);
			path = Sheets;
			sourceTree = "<group>";
		};
/* End PBXGroup section */

/* Begin PBXNativeTarget section */
		CC8078822ACC6FD9007A3199 /* NewsAPI */ = {
			isa = PBXNativeTarget;
			buildConfigurationList = CC8078922ACC6FDA007A3199 /* Build configuration list for PBXNativeTarget "NewsAPI" */;
			buildPhases = (
				CC80787F2ACC6FD9007A3199 /* Sources */,
				CC8078802ACC6FD9007A3199 /* Frameworks */,
				CC8078812ACC6FD9007A3199 /* Resources */,
			);
			buildRules = (
			);
			dependencies = (
			);
			name = NewsAPI;
			packageProductDependencies = (
				CCCD928A2ACC7C0F00E5D042 /* FirebaseAnalytics */,
				CCCD928C2ACC7C0F00E5D042 /* FirebaseAnalyticsOnDeviceConversion */,
				CCCD928E2ACC7C0F00E5D042 /* FirebaseAnalyticsSwift */,
				CCCD92902ACC7C0F00E5D042 /* FirebaseAnalyticsWithoutAdIdSupport */,
				CCCD92922ACC7C0F00E5D042 /* FirebaseAppCheck */,
				CCCD92942ACC7C0F00E5D042 /* FirebaseAppDistribution-Beta */,
				CCCD92962ACC7C0F00E5D042 /* FirebaseAuth */,
				CCCD92982ACC7C0F00E5D042 /* FirebaseAuthCombine-Community */,
				CCCD929A2ACC7C0F00E5D042 /* FirebaseCrashlytics */,
				CCCD929C2ACC7C0F00E5D042 /* FirebaseDatabase */,
				CCCD929E2ACC7C0F00E5D042 /* FirebaseDatabaseSwift */,
				CCCD92A02ACC7C0F00E5D042 /* FirebaseDynamicLinks */,
				CCCD92A22ACC7C0F00E5D042 /* FirebaseFirestore */,
				CCCD92A42ACC7C0F00E5D042 /* FirebaseFirestoreCombine-Community */,
				CCCD92A62ACC7C0F00E5D042 /* FirebaseFirestoreSwift */,
				CCCD92A82ACC7C0F00E5D042 /* FirebaseFunctions */,
				CCCD92AA2ACC7C0F00E5D042 /* FirebaseFunctionsCombine-Community */,
				CCCD92AC2ACC7C0F00E5D042 /* FirebaseInAppMessaging-Beta */,
				CCCD92AE2ACC7C0F00E5D042 /* FirebaseInAppMessagingSwift-Beta */,
				CCCD92B02ACC7C0F00E5D042 /* FirebaseInstallations */,
				CCCD92B22ACC7C0F00E5D042 /* FirebaseMLModelDownloader */,
				CCCD92B42ACC7C0F00E5D042 /* FirebaseMessaging */,
				CCCD92B62ACC7C0F00E5D042 /* FirebasePerformance */,
				CCCD92B82ACC7C0F00E5D042 /* FirebaseRemoteConfig */,
				CCCD92BA2ACC7C0F00E5D042 /* FirebaseRemoteConfigSwift */,
				CCCD92BC2ACC7C0F00E5D042 /* FirebaseStorage */,
				CCCD92BE2ACC7C0F00E5D042 /* FirebaseStorageCombine-Community */,
				CC94A1F62ACDD73D0067C40D /* KeychainSwift */,
			);
			productName = NewsAPI;
			productReference = CC8078832ACC6FD9007A3199 /* NewsAPI.app */;
			productType = "com.apple.product-type.application";
		};
/* End PBXNativeTarget section */

/* Begin PBXProject section */
		CC80787B2ACC6FD9007A3199 /* Project object */ = {
			isa = PBXProject;
			attributes = {
				BuildIndependentTargetsInParallel = 1;
				LastSwiftUpdateCheck = 1500;
				LastUpgradeCheck = 1500;
				TargetAttributes = {
					CC8078822ACC6FD9007A3199 = {
						CreatedOnToolsVersion = 15.0;
					};
				};
			};
			buildConfigurationList = CC80787E2ACC6FD9007A3199 /* Build configuration list for PBXProject "NewsAPI" */;
			compatibilityVersion = "Xcode 14.0";
			developmentRegion = en;
			hasScannedForEncodings = 0;
			knownRegions = (
				en,
				Base,
			);
			mainGroup = CC80787A2ACC6FD9007A3199;
			packageReferences = (
				CCCD92892ACC7C0F00E5D042 /* XCRemoteSwiftPackageReference "firebase-ios-sdk" */,
				CC94A1F52ACDD73D0067C40D /* XCRemoteSwiftPackageReference "keychain-swift" */,
			);
			productRefGroup = CC8078842ACC6FD9007A3199 /* Products */;
			projectDirPath = "";
			projectRoot = "";
			targets = (
				CC8078822ACC6FD9007A3199 /* NewsAPI */,
			);
		};
/* End PBXProject section */

/* Begin PBXResourcesBuildPhase section */
		CC8078812ACC6FD9007A3199 /* Resources */ = {
			isa = PBXResourcesBuildPhase;
			buildActionMask = 2147483647;
			files = (
				CCCD925E2ACC71BC00E5D042 /* Preview Content in Resources */,
				CC80788B2ACC6FDA007A3199 /* Assets.xcassets in Resources */,
				CCCD92602ACC721400E5D042 /* GoogleService-Info.plist in Resources */,
			);
			runOnlyForDeploymentPostprocessing = 0;
		};
/* End PBXResourcesBuildPhase section */

/* Begin PBXSourcesBuildPhase section */
		CC80787F2ACC6FD9007A3199 /* Sources */ = {
			isa = PBXSourcesBuildPhase;
			buildActionMask = 2147483647;
			files = (
				CCD1BB6F2AE15F0900BF0B79 /* SearchModel.swift in Sources */,
				CCCD92C62ACC7EC000E5D042 /* NewsModel.swift in Sources */,
				CCCD92CC2ACCB0E000E5D042 /* NewsDetailView.swift in Sources */,
				CCB198002ACEE3EE00714C4B /* LoadMoreDataIfNeeded.swift in Sources */,
				CCCD92C32ACC7CB400E5D042 /* NewsService.swift in Sources */,
				CC94A1F42ACDBE420067C40D /* CountryFormatter.swift in Sources */,
				CC8078892ACC6FD9007A3199 /* NewsView.swift in Sources */,
				CCCD92882ACC792D00E5D042 /* APIKeyFetchService.swift in Sources */,
				CCCD92CF2ACCB16900E5D042 /* DateFormatter.swift in Sources */,
				CCD1BB712AE1635A00BF0B79 /* KeyChainService.swift in Sources */,
				CC8AE8F52AE1B0BD00322F7C /* FilterEnums.swift in Sources */,
				CCCD926E2ACC72F300E5D042 /* NewsViewModel.swift in Sources */,
				CCCD92D22ACCBD9C00E5D042 /* FiltersSheetView.swift in Sources */,
				CCCD92C92ACC97E000E5D042 /* NewsCell.swift in Sources */,
				CC8AE8F32AE1B09000322F7C /* FilterView.swift in Sources */,
				CC8078872ACC6FD9007A3199 /* NewsAPIApp.swift in Sources */,
			);
			runOnlyForDeploymentPostprocessing = 0;
		};
/* End PBXSourcesBuildPhase section */

/* Begin XCBuildConfiguration section */
		CC8078902ACC6FDA007A3199 /* Debug */ = {
			isa = XCBuildConfiguration;
			buildSettings = {
				ALWAYS_SEARCH_USER_PATHS = NO;
				ASSETCATALOG_COMPILER_GENERATE_SWIFT_ASSET_SYMBOL_EXTENSIONS = YES;
				CLANG_ANALYZER_NONNULL = YES;
				CLANG_ANALYZER_NUMBER_OBJECT_CONVERSION = YES_AGGRESSIVE;
				CLANG_CXX_LANGUAGE_STANDARD = "gnu++20";
				CLANG_ENABLE_MODULES = YES;
				CLANG_ENABLE_OBJC_ARC = YES;
				CLANG_ENABLE_OBJC_WEAK = YES;
				CLANG_WARN_BLOCK_CAPTURE_AUTORELEASING = YES;
				CLANG_WARN_BOOL_CONVERSION = YES;
				CLANG_WARN_COMMA = YES;
				CLANG_WARN_CONSTANT_CONVERSION = YES;
				CLANG_WARN_DEPRECATED_OBJC_IMPLEMENTATIONS = YES;
				CLANG_WARN_DIRECT_OBJC_ISA_USAGE = YES_ERROR;
				CLANG_WARN_DOCUMENTATION_COMMENTS = YES;
				CLANG_WARN_EMPTY_BODY = YES;
				CLANG_WARN_ENUM_CONVERSION = YES;
				CLANG_WARN_INFINITE_RECURSION = YES;
				CLANG_WARN_INT_CONVERSION = YES;
				CLANG_WARN_NON_LITERAL_NULL_CONVERSION = YES;
				CLANG_WARN_OBJC_IMPLICIT_RETAIN_SELF = YES;
				CLANG_WARN_OBJC_LITERAL_CONVERSION = YES;
				CLANG_WARN_OBJC_ROOT_CLASS = YES_ERROR;
				CLANG_WARN_QUOTED_INCLUDE_IN_FRAMEWORK_HEADER = YES;
				CLANG_WARN_RANGE_LOOP_ANALYSIS = YES;
				CLANG_WARN_STRICT_PROTOTYPES = YES;
				CLANG_WARN_SUSPICIOUS_MOVE = YES;
				CLANG_WARN_UNGUARDED_AVAILABILITY = YES_AGGRESSIVE;
				CLANG_WARN_UNREACHABLE_CODE = YES;
				CLANG_WARN__DUPLICATE_METHOD_MATCH = YES;
				COPY_PHASE_STRIP = NO;
				DEBUG_INFORMATION_FORMAT = dwarf;
				ENABLE_STRICT_OBJC_MSGSEND = YES;
				ENABLE_TESTABILITY = YES;
				ENABLE_USER_SCRIPT_SANDBOXING = YES;
				GCC_C_LANGUAGE_STANDARD = gnu17;
				GCC_DYNAMIC_NO_PIC = NO;
				GCC_NO_COMMON_BLOCKS = YES;
				GCC_OPTIMIZATION_LEVEL = 0;
				GCC_PREPROCESSOR_DEFINITIONS = (
					"DEBUG=1",
					"$(inherited)",
				);
				GCC_WARN_64_TO_32_BIT_CONVERSION = YES;
				GCC_WARN_ABOUT_RETURN_TYPE = YES_ERROR;
				GCC_WARN_UNDECLARED_SELECTOR = YES;
				GCC_WARN_UNINITIALIZED_AUTOS = YES_AGGRESSIVE;
				GCC_WARN_UNUSED_FUNCTION = YES;
				GCC_WARN_UNUSED_VARIABLE = YES;
				LOCALIZATION_PREFERS_STRING_CATALOGS = YES;
				MTL_ENABLE_DEBUG_INFO = INCLUDE_SOURCE;
				MTL_FAST_MATH = YES;
				ONLY_ACTIVE_ARCH = YES;
				SWIFT_ACTIVE_COMPILATION_CONDITIONS = "DEBUG $(inherited)";
				SWIFT_OPTIMIZATION_LEVEL = "-Onone";
			};
			name = Debug;
		};
		CC8078912ACC6FDA007A3199 /* Release */ = {
			isa = XCBuildConfiguration;
			buildSettings = {
				ALWAYS_SEARCH_USER_PATHS = NO;
				ASSETCATALOG_COMPILER_GENERATE_SWIFT_ASSET_SYMBOL_EXTENSIONS = YES;
				CLANG_ANALYZER_NONNULL = YES;
				CLANG_ANALYZER_NUMBER_OBJECT_CONVERSION = YES_AGGRESSIVE;
				CLANG_CXX_LANGUAGE_STANDARD = "gnu++20";
				CLANG_ENABLE_MODULES = YES;
				CLANG_ENABLE_OBJC_ARC = YES;
				CLANG_ENABLE_OBJC_WEAK = YES;
				CLANG_WARN_BLOCK_CAPTURE_AUTORELEASING = YES;
				CLANG_WARN_BOOL_CONVERSION = YES;
				CLANG_WARN_COMMA = YES;
				CLANG_WARN_CONSTANT_CONVERSION = YES;
				CLANG_WARN_DEPRECATED_OBJC_IMPLEMENTATIONS = YES;
				CLANG_WARN_DIRECT_OBJC_ISA_USAGE = YES_ERROR;
				CLANG_WARN_DOCUMENTATION_COMMENTS = YES;
				CLANG_WARN_EMPTY_BODY = YES;
				CLANG_WARN_ENUM_CONVERSION = YES;
				CLANG_WARN_INFINITE_RECURSION = YES;
				CLANG_WARN_INT_CONVERSION = YES;
				CLANG_WARN_NON_LITERAL_NULL_CONVERSION = YES;
				CLANG_WARN_OBJC_IMPLICIT_RETAIN_SELF = YES;
				CLANG_WARN_OBJC_LITERAL_CONVERSION = YES;
				CLANG_WARN_OBJC_ROOT_CLASS = YES_ERROR;
				CLANG_WARN_QUOTED_INCLUDE_IN_FRAMEWORK_HEADER = YES;
				CLANG_WARN_RANGE_LOOP_ANALYSIS = YES;
				CLANG_WARN_STRICT_PROTOTYPES = YES;
				CLANG_WARN_SUSPICIOUS_MOVE = YES;
				CLANG_WARN_UNGUARDED_AVAILABILITY = YES_AGGRESSIVE;
				CLANG_WARN_UNREACHABLE_CODE = YES;
				CLANG_WARN__DUPLICATE_METHOD_MATCH = YES;
				COPY_PHASE_STRIP = NO;
				DEBUG_INFORMATION_FORMAT = "dwarf-with-dsym";
				ENABLE_NS_ASSERTIONS = NO;
				ENABLE_STRICT_OBJC_MSGSEND = YES;
				ENABLE_USER_SCRIPT_SANDBOXING = YES;
				GCC_C_LANGUAGE_STANDARD = gnu17;
				GCC_NO_COMMON_BLOCKS = YES;
				GCC_WARN_64_TO_32_BIT_CONVERSION = YES;
				GCC_WARN_ABOUT_RETURN_TYPE = YES_ERROR;
				GCC_WARN_UNDECLARED_SELECTOR = YES;
				GCC_WARN_UNINITIALIZED_AUTOS = YES_AGGRESSIVE;
				GCC_WARN_UNUSED_FUNCTION = YES;
				GCC_WARN_UNUSED_VARIABLE = YES;
				LOCALIZATION_PREFERS_STRING_CATALOGS = YES;
				MTL_ENABLE_DEBUG_INFO = NO;
				MTL_FAST_MATH = YES;
				SWIFT_COMPILATION_MODE = wholemodule;
			};
			name = Release;
		};
		CC8078932ACC6FDA007A3199 /* Debug */ = {
			isa = XCBuildConfiguration;
			buildSettings = {
				ASSETCATALOG_COMPILER_APPICON_NAME = AppIcon;
				ASSETCATALOG_COMPILER_GLOBAL_ACCENT_COLOR_NAME = AccentColor;
				CODE_SIGN_ENTITLEMENTS = NewsAPI/Resources/NewsAPI.entitlements;
				CODE_SIGN_STYLE = Automatic;
				CURRENT_PROJECT_VERSION = 1;
				DEVELOPMENT_ASSET_PATHS = "\"NewsAPI/Resources/Preview Content\"";
				DEVELOPMENT_TEAM = LFZ2J32A9W;
				ENABLE_HARDENED_RUNTIME = YES;
				ENABLE_PREVIEWS = YES;
				GENERATE_INFOPLIST_FILE = YES;
				"INFOPLIST_KEY_UIApplicationSceneManifest_Generation[sdk=iphoneos*]" = YES;
				"INFOPLIST_KEY_UIApplicationSceneManifest_Generation[sdk=iphonesimulator*]" = YES;
				"INFOPLIST_KEY_UIApplicationSupportsIndirectInputEvents[sdk=iphoneos*]" = YES;
				"INFOPLIST_KEY_UIApplicationSupportsIndirectInputEvents[sdk=iphonesimulator*]" = YES;
				"INFOPLIST_KEY_UILaunchScreen_Generation[sdk=iphoneos*]" = YES;
				"INFOPLIST_KEY_UILaunchScreen_Generation[sdk=iphonesimulator*]" = YES;
				"INFOPLIST_KEY_UIStatusBarStyle[sdk=iphoneos*]" = UIStatusBarStyleDefault;
				"INFOPLIST_KEY_UIStatusBarStyle[sdk=iphonesimulator*]" = UIStatusBarStyleDefault;
				INFOPLIST_KEY_UISupportedInterfaceOrientations = UIInterfaceOrientationPortrait;
				INFOPLIST_KEY_UISupportedInterfaceOrientations_iPad = "UIInterfaceOrientationLandscapeLeft UIInterfaceOrientationLandscapeRight UIInterfaceOrientationPortrait UIInterfaceOrientationPortraitUpsideDown";
				IPHONEOS_DEPLOYMENT_TARGET = 15.0;
				LD_RUNPATH_SEARCH_PATHS = "@executable_path/Frameworks";
				"LD_RUNPATH_SEARCH_PATHS[sdk=macosx*]" = "@executable_path/../Frameworks";
				MACOSX_DEPLOYMENT_TARGET = 14.0;
				MARKETING_VERSION = 1.0;
				PRODUCT_BUNDLE_IDENTIFIER = test.NewsAPI;
				PRODUCT_NAME = "$(TARGET_NAME)";
				SDKROOT = auto;
				SUPPORTED_PLATFORMS = "iphoneos iphonesimulator";
				SUPPORTS_MACCATALYST = NO;
				SWIFT_EMIT_LOC_STRINGS = YES;
				SWIFT_VERSION = 5.0;
				TARGETED_DEVICE_FAMILY = 1;
			};
			name = Debug;
		};
		CC8078942ACC6FDA007A3199 /* Release */ = {
			isa = XCBuildConfiguration;
			buildSettings = {
				ASSETCATALOG_COMPILER_APPICON_NAME = AppIcon;
				ASSETCATALOG_COMPILER_GLOBAL_ACCENT_COLOR_NAME = AccentColor;
				CODE_SIGN_ENTITLEMENTS = NewsAPI/Resources/NewsAPI.entitlements;
				CODE_SIGN_STYLE = Automatic;
				CURRENT_PROJECT_VERSION = 1;
				DEVELOPMENT_ASSET_PATHS = "\"NewsAPI/Resources/Preview Content\"";
				DEVELOPMENT_TEAM = LFZ2J32A9W;
				ENABLE_HARDENED_RUNTIME = YES;
				ENABLE_PREVIEWS = YES;
				GENERATE_INFOPLIST_FILE = YES;
				"INFOPLIST_KEY_UIApplicationSceneManifest_Generation[sdk=iphoneos*]" = YES;
				"INFOPLIST_KEY_UIApplicationSceneManifest_Generation[sdk=iphonesimulator*]" = YES;
				"INFOPLIST_KEY_UIApplicationSupportsIndirectInputEvents[sdk=iphoneos*]" = YES;
				"INFOPLIST_KEY_UIApplicationSupportsIndirectInputEvents[sdk=iphonesimulator*]" = YES;
				"INFOPLIST_KEY_UILaunchScreen_Generation[sdk=iphoneos*]" = YES;
				"INFOPLIST_KEY_UILaunchScreen_Generation[sdk=iphonesimulator*]" = YES;
				"INFOPLIST_KEY_UIStatusBarStyle[sdk=iphoneos*]" = UIStatusBarStyleDefault;
				"INFOPLIST_KEY_UIStatusBarStyle[sdk=iphonesimulator*]" = UIStatusBarStyleDefault;
				INFOPLIST_KEY_UISupportedInterfaceOrientations = UIInterfaceOrientationPortrait;
				INFOPLIST_KEY_UISupportedInterfaceOrientations_iPad = "UIInterfaceOrientationLandscapeLeft UIInterfaceOrientationLandscapeRight UIInterfaceOrientationPortrait UIInterfaceOrientationPortraitUpsideDown";
				IPHONEOS_DEPLOYMENT_TARGET = 15.0;
				LD_RUNPATH_SEARCH_PATHS = "@executable_path/Frameworks";
				"LD_RUNPATH_SEARCH_PATHS[sdk=macosx*]" = "@executable_path/../Frameworks";
				MACOSX_DEPLOYMENT_TARGET = 14.0;
				MARKETING_VERSION = 1.0;
				PRODUCT_BUNDLE_IDENTIFIER = test.NewsAPI;
				PRODUCT_NAME = "$(TARGET_NAME)";
				SDKROOT = auto;
				SUPPORTED_PLATFORMS = "iphoneos iphonesimulator";
				SUPPORTS_MACCATALYST = NO;
				SWIFT_EMIT_LOC_STRINGS = YES;
				SWIFT_VERSION = 5.0;
				TARGETED_DEVICE_FAMILY = 1;
			};
			name = Release;
		};
/* End XCBuildConfiguration section */

/* Begin XCConfigurationList section */
		CC80787E2ACC6FD9007A3199 /* Build configuration list for PBXProject "NewsAPI" */ = {
			isa = XCConfigurationList;
			buildConfigurations = (
				CC8078902ACC6FDA007A3199 /* Debug */,
				CC8078912ACC6FDA007A3199 /* Release */,
			);
			defaultConfigurationIsVisible = 0;
			defaultConfigurationName = Release;
		};
		CC8078922ACC6FDA007A3199 /* Build configuration list for PBXNativeTarget "NewsAPI" */ = {
			isa = XCConfigurationList;
			buildConfigurations = (
				CC8078932ACC6FDA007A3199 /* Debug */,
				CC8078942ACC6FDA007A3199 /* Release */,
			);
			defaultConfigurationIsVisible = 0;
			defaultConfigurationName = Release;
		};
/* End XCConfigurationList section */

/* Begin XCRemoteSwiftPackageReference section */
		CC94A1F52ACDD73D0067C40D /* XCRemoteSwiftPackageReference "keychain-swift" */ = {
			isa = XCRemoteSwiftPackageReference;
			repositoryURL = "https://github.com/evgenyneu/keychain-swift.git";
			requirement = {
				kind = upToNextMajorVersion;
				minimumVersion = 20.0.0;
			};
		};
		CCCD92892ACC7C0F00E5D042 /* XCRemoteSwiftPackageReference "firebase-ios-sdk" */ = {
			isa = XCRemoteSwiftPackageReference;
			repositoryURL = "https://github.com/firebase/firebase-ios-sdk";
			requirement = {
				kind = upToNextMajorVersion;
				minimumVersion = 10.15.0;
			};
		};
/* End XCRemoteSwiftPackageReference section */

/* Begin XCSwiftPackageProductDependency section */
		CC94A1F62ACDD73D0067C40D /* KeychainSwift */ = {
			isa = XCSwiftPackageProductDependency;
			package = CC94A1F52ACDD73D0067C40D /* XCRemoteSwiftPackageReference "keychain-swift" */;
			productName = KeychainSwift;
		};
		CCCD928A2ACC7C0F00E5D042 /* FirebaseAnalytics */ = {
			isa = XCSwiftPackageProductDependency;
			package = CCCD92892ACC7C0F00E5D042 /* XCRemoteSwiftPackageReference "firebase-ios-sdk" */;
			productName = FirebaseAnalytics;
		};
		CCCD928C2ACC7C0F00E5D042 /* FirebaseAnalyticsOnDeviceConversion */ = {
			isa = XCSwiftPackageProductDependency;
			package = CCCD92892ACC7C0F00E5D042 /* XCRemoteSwiftPackageReference "firebase-ios-sdk" */;
			productName = FirebaseAnalyticsOnDeviceConversion;
		};
		CCCD928E2ACC7C0F00E5D042 /* FirebaseAnalyticsSwift */ = {
			isa = XCSwiftPackageProductDependency;
			package = CCCD92892ACC7C0F00E5D042 /* XCRemoteSwiftPackageReference "firebase-ios-sdk" */;
			productName = FirebaseAnalyticsSwift;
		};
		CCCD92902ACC7C0F00E5D042 /* FirebaseAnalyticsWithoutAdIdSupport */ = {
			isa = XCSwiftPackageProductDependency;
			package = CCCD92892ACC7C0F00E5D042 /* XCRemoteSwiftPackageReference "firebase-ios-sdk" */;
			productName = FirebaseAnalyticsWithoutAdIdSupport;
		};
		CCCD92922ACC7C0F00E5D042 /* FirebaseAppCheck */ = {
			isa = XCSwiftPackageProductDependency;
			package = CCCD92892ACC7C0F00E5D042 /* XCRemoteSwiftPackageReference "firebase-ios-sdk" */;
			productName = FirebaseAppCheck;
		};
		CCCD92942ACC7C0F00E5D042 /* FirebaseAppDistribution-Beta */ = {
			isa = XCSwiftPackageProductDependency;
			package = CCCD92892ACC7C0F00E5D042 /* XCRemoteSwiftPackageReference "firebase-ios-sdk" */;
			productName = "FirebaseAppDistribution-Beta";
		};
		CCCD92962ACC7C0F00E5D042 /* FirebaseAuth */ = {
			isa = XCSwiftPackageProductDependency;
			package = CCCD92892ACC7C0F00E5D042 /* XCRemoteSwiftPackageReference "firebase-ios-sdk" */;
			productName = FirebaseAuth;
		};
		CCCD92982ACC7C0F00E5D042 /* FirebaseAuthCombine-Community */ = {
			isa = XCSwiftPackageProductDependency;
			package = CCCD92892ACC7C0F00E5D042 /* XCRemoteSwiftPackageReference "firebase-ios-sdk" */;
			productName = "FirebaseAuthCombine-Community";
		};
		CCCD929A2ACC7C0F00E5D042 /* FirebaseCrashlytics */ = {
			isa = XCSwiftPackageProductDependency;
			package = CCCD92892ACC7C0F00E5D042 /* XCRemoteSwiftPackageReference "firebase-ios-sdk" */;
			productName = FirebaseCrashlytics;
		};
		CCCD929C2ACC7C0F00E5D042 /* FirebaseDatabase */ = {
			isa = XCSwiftPackageProductDependency;
			package = CCCD92892ACC7C0F00E5D042 /* XCRemoteSwiftPackageReference "firebase-ios-sdk" */;
			productName = FirebaseDatabase;
		};
		CCCD929E2ACC7C0F00E5D042 /* FirebaseDatabaseSwift */ = {
			isa = XCSwiftPackageProductDependency;
			package = CCCD92892ACC7C0F00E5D042 /* XCRemoteSwiftPackageReference "firebase-ios-sdk" */;
			productName = FirebaseDatabaseSwift;
		};
		CCCD92A02ACC7C0F00E5D042 /* FirebaseDynamicLinks */ = {
			isa = XCSwiftPackageProductDependency;
			package = CCCD92892ACC7C0F00E5D042 /* XCRemoteSwiftPackageReference "firebase-ios-sdk" */;
			productName = FirebaseDynamicLinks;
		};
		CCCD92A22ACC7C0F00E5D042 /* FirebaseFirestore */ = {
			isa = XCSwiftPackageProductDependency;
			package = CCCD92892ACC7C0F00E5D042 /* XCRemoteSwiftPackageReference "firebase-ios-sdk" */;
			productName = FirebaseFirestore;
		};
		CCCD92A42ACC7C0F00E5D042 /* FirebaseFirestoreCombine-Community */ = {
			isa = XCSwiftPackageProductDependency;
			package = CCCD92892ACC7C0F00E5D042 /* XCRemoteSwiftPackageReference "firebase-ios-sdk" */;
			productName = "FirebaseFirestoreCombine-Community";
		};
		CCCD92A62ACC7C0F00E5D042 /* FirebaseFirestoreSwift */ = {
			isa = XCSwiftPackageProductDependency;
			package = CCCD92892ACC7C0F00E5D042 /* XCRemoteSwiftPackageReference "firebase-ios-sdk" */;
			productName = FirebaseFirestoreSwift;
		};
		CCCD92A82ACC7C0F00E5D042 /* FirebaseFunctions */ = {
			isa = XCSwiftPackageProductDependency;
			package = CCCD92892ACC7C0F00E5D042 /* XCRemoteSwiftPackageReference "firebase-ios-sdk" */;
			productName = FirebaseFunctions;
		};
		CCCD92AA2ACC7C0F00E5D042 /* FirebaseFunctionsCombine-Community */ = {
			isa = XCSwiftPackageProductDependency;
			package = CCCD92892ACC7C0F00E5D042 /* XCRemoteSwiftPackageReference "firebase-ios-sdk" */;
			productName = "FirebaseFunctionsCombine-Community";
		};
		CCCD92AC2ACC7C0F00E5D042 /* FirebaseInAppMessaging-Beta */ = {
			isa = XCSwiftPackageProductDependency;
			package = CCCD92892ACC7C0F00E5D042 /* XCRemoteSwiftPackageReference "firebase-ios-sdk" */;
			productName = "FirebaseInAppMessaging-Beta";
		};
		CCCD92AE2ACC7C0F00E5D042 /* FirebaseInAppMessagingSwift-Beta */ = {
			isa = XCSwiftPackageProductDependency;
			package = CCCD92892ACC7C0F00E5D042 /* XCRemoteSwiftPackageReference "firebase-ios-sdk" */;
			productName = "FirebaseInAppMessagingSwift-Beta";
		};
		CCCD92B02ACC7C0F00E5D042 /* FirebaseInstallations */ = {
			isa = XCSwiftPackageProductDependency;
			package = CCCD92892ACC7C0F00E5D042 /* XCRemoteSwiftPackageReference "firebase-ios-sdk" */;
			productName = FirebaseInstallations;
		};
		CCCD92B22ACC7C0F00E5D042 /* FirebaseMLModelDownloader */ = {
			isa = XCSwiftPackageProductDependency;
			package = CCCD92892ACC7C0F00E5D042 /* XCRemoteSwiftPackageReference "firebase-ios-sdk" */;
			productName = FirebaseMLModelDownloader;
		};
		CCCD92B42ACC7C0F00E5D042 /* FirebaseMessaging */ = {
			isa = XCSwiftPackageProductDependency;
			package = CCCD92892ACC7C0F00E5D042 /* XCRemoteSwiftPackageReference "firebase-ios-sdk" */;
			productName = FirebaseMessaging;
		};
		CCCD92B62ACC7C0F00E5D042 /* FirebasePerformance */ = {
			isa = XCSwiftPackageProductDependency;
			package = CCCD92892ACC7C0F00E5D042 /* XCRemoteSwiftPackageReference "firebase-ios-sdk" */;
			productName = FirebasePerformance;
		};
		CCCD92B82ACC7C0F00E5D042 /* FirebaseRemoteConfig */ = {
			isa = XCSwiftPackageProductDependency;
			package = CCCD92892ACC7C0F00E5D042 /* XCRemoteSwiftPackageReference "firebase-ios-sdk" */;
			productName = FirebaseRemoteConfig;
		};
		CCCD92BA2ACC7C0F00E5D042 /* FirebaseRemoteConfigSwift */ = {
			isa = XCSwiftPackageProductDependency;
			package = CCCD92892ACC7C0F00E5D042 /* XCRemoteSwiftPackageReference "firebase-ios-sdk" */;
			productName = FirebaseRemoteConfigSwift;
		};
		CCCD92BC2ACC7C0F00E5D042 /* FirebaseStorage */ = {
			isa = XCSwiftPackageProductDependency;
			package = CCCD92892ACC7C0F00E5D042 /* XCRemoteSwiftPackageReference "firebase-ios-sdk" */;
			productName = FirebaseStorage;
		};
		CCCD92BE2ACC7C0F00E5D042 /* FirebaseStorageCombine-Community */ = {
			isa = XCSwiftPackageProductDependency;
			package = CCCD92892ACC7C0F00E5D042 /* XCRemoteSwiftPackageReference "firebase-ios-sdk" */;
			productName = "FirebaseStorageCombine-Community";
		};
/* End XCSwiftPackageProductDependency section */
	};
	rootObject = CC80787B2ACC6FD9007A3199 /* Project object */;
}
